// !$*UTF8*$!
{
	archiveVersion = 1;
	classes = {
	};
	objectVersion = 46;
	objects = {

/* Begin PBXBuildFile section */
		CDA778401D7337A600770F03 /* img_1_s.jpg in Resources */ = {isa = PBXBuildFile; fileRef = CDA7783D1D7337A600770F03 /* img_1_s.jpg */; };
		CDA778411D7337A600770F03 /* img_2_s.jpg in Resources */ = {isa = PBXBuildFile; fileRef = CDA7783E1D7337A600770F03 /* img_2_s.jpg */; };
		CDA778421D7337A600770F03 /* img_3_s.jpg in Resources */ = {isa = PBXBuildFile; fileRef = CDA7783F1D7337A600770F03 /* img_3_s.jpg */; };
		CDA778461D77345F00770F03 /* img_1_l.jpg in Resources */ = {isa = PBXBuildFile; fileRef = CDA778431D77345F00770F03 /* img_1_l.jpg */; };
		CDA778471D77345F00770F03 /* img_2_l.jpg in Resources */ = {isa = PBXBuildFile; fileRef = CDA778441D77345F00770F03 /* img_2_l.jpg */; };
		CDA778481D77345F00770F03 /* img_3_l.jpg in Resources */ = {isa = PBXBuildFile; fileRef = CDA778451D77345F00770F03 /* img_3_l.jpg */; };
		CDE9B0221D6F3EB500479141 /* AppDelegate.swift in Sources */ = {isa = PBXBuildFile; fileRef = CDE9B0211D6F3EB500479141 /* AppDelegate.swift */; };
		CDE9B0241D6F3EB500479141 /* ViewController.swift in Sources */ = {isa = PBXBuildFile; fileRef = CDE9B0231D6F3EB500479141 /* ViewController.swift */; };
		CDE9B0271D6F3EB500479141 /* Main.storyboard in Resources */ = {isa = PBXBuildFile; fileRef = CDE9B0251D6F3EB500479141 /* Main.storyboard */; };
		CDE9B0291D6F3EB500479141 /* Assets.xcassets in Resources */ = {isa = PBXBuildFile; fileRef = CDE9B0281D6F3EB500479141 /* Assets.xcassets */; };
		CDE9B02C1D6F3EB500479141 /* LaunchScreen.storyboard in Resources */ = {isa = PBXBuildFile; fileRef = CDE9B02A1D6F3EB500479141 /* LaunchScreen.storyboard */; };
		CDE9B0341D6F3FFE00479141 /* ImageViewController.swift in Sources */ = {isa = PBXBuildFile; fileRef = CDE9B0331D6F3FFE00479141 /* ImageViewController.swift */; };
/* End PBXBuildFile section */

/* Begin PBXFileReference section */
		CDA7783D1D7337A600770F03 /* img_1_s.jpg */ = {isa = PBXFileReference; lastKnownFileType = image.jpeg; path = img_1_s.jpg; sourceTree = "<group>"; };
		CDA7783E1D7337A600770F03 /* img_2_s.jpg */ = {isa = PBXFileReference; lastKnownFileType = image.jpeg; path = img_2_s.jpg; sourceTree = "<group>"; };
		CDA7783F1D7337A600770F03 /* img_3_s.jpg */ = {isa = PBXFileReference; lastKnownFileType = image.jpeg; path = img_3_s.jpg; sourceTree = "<group>"; };
		CDA778431D77345F00770F03 /* img_1_l.jpg */ = {isa = PBXFileReference; lastKnownFileType = image.jpeg; path = img_1_l.jpg; sourceTree = "<group>"; };
		CDA778441D77345F00770F03 /* img_2_l.jpg */ = {isa = PBXFileReference; lastKnownFileType = image.jpeg; path = img_2_l.jpg; sourceTree = "<group>"; };
		CDA778451D77345F00770F03 /* img_3_l.jpg */ = {isa = PBXFileReference; lastKnownFileType = image.jpeg; path = img_3_l.jpg; sourceTree = "<group>"; };
		CDE9B01E1D6F3EB500479141 /* SlideshowApp.app */ = {isa = PBXFileReference; explicitFileType = wrapper.application; includeInIndex = 0; path = SlideshowApp.app; sourceTree = BUILT_PRODUCTS_DIR; };
		CDE9B0211D6F3EB500479141 /* AppDelegate.swift */ = {isa = PBXFileReference; lastKnownFileType = sourcecode.swift; path = AppDelegate.swift; sourceTree = "<group>"; };
		CDE9B0231D6F3EB500479141 /* ViewController.swift */ = {isa = PBXFileReference; lastKnownFileType = sourcecode.swift; path = ViewController.swift; sourceTree = "<group>"; };
		CDE9B0261D6F3EB500479141 /* Base */ = {isa = PBXFileReference; lastKnownFileType = file.storyboard; name = Base; path = Base.lproj/Main.storyboard; sourceTree = "<group>"; };
		CDE9B0281D6F3EB500479141 /* Assets.xcassets */ = {isa = PBXFileReference; lastKnownFileType = folder.assetcatalog; path = Assets.xcassets; sourceTree = "<group>"; };
		CDE9B02B1D6F3EB500479141 /* Base */ = {isa = PBXFileReference; lastKnownFileType = file.storyboard; name = Base; path = Base.lproj/LaunchScreen.storyboard; sourceTree = "<group>"; };
		CDE9B02D1D6F3EB500479141 /* Info.plist */ = {isa = PBXFileReference; lastKnownFileType = text.plist.xml; path = Info.plist; sourceTree = "<group>"; };
		CDE9B0331D6F3FFE00479141 /* ImageViewController.swift */ = {isa = PBXFileReference; fileEncoding = 4; lastKnownFileType = sourcecode.swift; path = ImageViewController.swift; sourceTree = "<group>"; };
/* End PBXFileReference section */

/* Begin PBXFrameworksBuildPhase section */
		CDE9B01B1D6F3EB500479141 /* Frameworks */ = {
			isa = PBXFrameworksBuildPhase;
			buildActionMask = 2147483647;
			files = (
			);
			runOnlyForDeploymentPostprocessing = 0;
		};
/* End PBXFrameworksBuildPhase section */

/* Begin PBXGroup section */
		CDE9B0151D6F3EB500479141 = {
			isa = PBXGroup;
			children = (
				CDE9B0201D6F3EB500479141 /* SlideshowApp */,
				CDE9B01F1D6F3EB500479141 /* Products */,
			);
			sourceTree = "<group>";
		};
		CDE9B01F1D6F3EB500479141 /* Products */ = {
			isa = PBXGroup;
			children = (
				CDE9B01E1D6F3EB500479141 /* SlideshowApp.app */,
			);
			name = Products;
			sourceTree = "<group>";
		};
		CDE9B0201D6F3EB500479141 /* SlideshowApp */ = {
			isa = PBXGroup;
			children = (
				CDE9B0211D6F3EB500479141 /* AppDelegate.swift */,
				CDE9B0231D6F3EB500479141 /* ViewController.swift */,
				CDE9B0251D6F3EB500479141 /* Main.storyboard */,
				CDE9B0281D6F3EB500479141 /* Assets.xcassets */,
				CDE9B02A1D6F3EB500479141 /* LaunchScreen.storyboard */,
				CDE9B02D1D6F3EB500479141 /* Info.plist */,
				CDA7783D1D7337A600770F03 /* img_1_s.jpg */,
				CDA778431D77345F00770F03 /* img_1_l.jpg */,
				CDA778441D77345F00770F03 /* img_2_l.jpg */,
				CDA778451D77345F00770F03 /* img_3_l.jpg */,
				CDA7783E1D7337A600770F03 /* img_2_s.jpg */,
				CDA7783F1D7337A600770F03 /* img_3_s.jpg */,
				CDE9B0331D6F3FFE00479141 /* ImageViewController.swift */,
			);
			path = SlideshowApp;
			sourceTree = "<group>";
		};
/* End PBXGroup section */

/* Begin PBXNativeTarget section */
		CDE9B01D1D6F3EB500479141 /* SlideshowApp */ = {
			isa = PBXNativeTarget;
			buildConfigurationList = CDE9B0301D6F3EB500479141 /* Build configuration list for PBXNativeTarget "SlideshowApp" */;
			buildPhases = (
				CDE9B01A1D6F3EB500479141 /* Sources */,
				CDE9B01B1D6F3EB500479141 /* Frameworks */,
				CDE9B01C1D6F3EB500479141 /* Resources */,
			);
			buildRules = (
			);
			dependencies = (
			);
			name = SlideshowApp;
			productName = SlideshowApp;
			productReference = CDE9B01E1D6F3EB500479141 /* SlideshowApp.app */;
			productType = "com.apple.product-type.application";
		};
/* End PBXNativeTarget section */

/* Begin PBXProject section */
		CDE9B0161D6F3EB500479141 /* Project object */ = {
			isa = PBXProject;
			attributes = {
				LastSwiftUpdateCheck = 0730;
				LastUpgradeCheck = 0730;
				ORGANIZATIONNAME = takayoshi.yokoyama;
				TargetAttributes = {
					CDE9B01D1D6F3EB500479141 = {
						CreatedOnToolsVersion = 7.3.1;
					};
				};
			};
			buildConfigurationList = CDE9B0191D6F3EB500479141 /* Build configuration list for PBXProject "SlideshowApp" */;
			compatibilityVersion = "Xcode 3.2";
			developmentRegion = English;
			hasScannedForEncodings = 0;
			knownRegions = (
				en,
				Base,
			);
			mainGroup = CDE9B0151D6F3EB500479141;
			productRefGroup = CDE9B01F1D6F3EB500479141 /* Products */;
			projectDirPath = "";
			projectRoot = "";
			targets = (
				CDE9B01D1D6F3EB500479141 /* SlideshowApp */,
			);
		};
/* End PBXProject section */

/* Begin PBXResourcesBuildPhase section */
		CDE9B01C1D6F3EB500479141 /* Resources */ = {
			isa = PBXResourcesBuildPhase;
			buildActionMask = 2147483647;
			files = (
				CDA778461D77345F00770F03 /* img_1_l.jpg in Resources */,
				CDE9B02C1D6F3EB500479141 /* LaunchScreen.storyboard in Resources */,
				CDA778401D7337A600770F03 /* img_1_s.jpg in Resources */,
				CDA778481D77345F00770F03 /* img_3_l.jpg in Resources */,
				CDA778471D77345F00770F03 /* img_2_l.jpg in Resources */,
				CDE9B0291D6F3EB500479141 /* Assets.xcassets in Resources */,
				CDA778421D7337A600770F03 /* img_3_s.jpg in Resources */,
				CDE9B0271D6F3EB500479141 /* Main.storyboard in Resources */,
				CDA778411D7337A600770F03 /* img_2_s.jpg in Resources */,
			);
			runOnlyForDeploymentPostprocessing = 0;
		};
/* End PBXResourcesBuildPhase section */

/* Begin PBXSourcesBuildPhase section */
		CDE9B01A1D6F3EB500479141 /* Sources */ = {
			isa = PBXSourcesBuildPhase;
			buildActionMask = 2147483647;
			files = (
				CDE9B0241D6F3EB500479141 /* ViewController.swift in Sources */,
				CDE9B0341D6F3FFE00479141 /* ImageViewController.swift in Sources */,
				CDE9B0221D6F3EB500479141 /* AppDelegate.swift in Sources */,
			);
			runOnlyForDeploymentPostprocessing = 0;
		};
/* End PBXSourcesBuildPhase section */

/* Begin PBXVariantGroup section */
		CDE9B0251D6F3EB500479141 /* Main.storyboard */ = {
			isa = PBXVariantGroup;
			children = (
				CDE9B0261D6F3EB500479141 /* Base */,
			);
			name = Main.storyboard;
			sourceTree = "<group>";
		};
		CDE9B02A1D6F3EB500479141 /* LaunchScreen.storyboard */ = {
			isa = PBXVariantGroup;
			children = (
				CDE9B02B1D6F3EB500479141 /* Base */,
			);
			name = LaunchScreen.storyboard;
			sourceTree = "<group>";
		};
/* End PBXVariantGroup section */

/* Begin XCBuildConfiguration section */
		CDE9B02E1D6F3EB500479141 /* Debug */ = {
			isa = XCBuildConfiguration;
			buildSettings = {
				ALWAYS_SEARCH_USER_PATHS = NO;
				CLANG_ANALYZER_NONNULL = YES;
				CLANG_CXX_LANGUAGE_STANDARD = "gnu++0x";
				CLANG_CXX_LIBRARY = "libc++";
				CLANG_ENABLE_MODULES = YES;
				CLANG_ENABLE_OBJC_ARC = YES;
				CLANG_WARN_BOOL_CONVERSION = YES;
				CLANG_WARN_CONSTANT_CONVERSION = YES;
				CLANG_WARN_DIRECT_OBJC_ISA_USAGE = YES_ERROR;
				CLANG_WARN_EMPTY_BODY = YES;
				CLANG_WARN_ENUM_CONVERSION = YES;
				CLANG_WARN_INT_CONVERSION = YES;
				CLANG_WARN_OBJC_ROOT_CLASS = YES_ERROR;
				CLANG_WARN_UNREACHABLE_CODE = YES;
				CLANG_WARN__DUPLICATE_METHOD_MATCH = YES;
				"CODE_SIGN_IDENTITY[sdk=iphoneos*]" = "iPhone Developer";
				COPY_PHASE_STRIP = NO;
				DEBUG_INFORMATION_FORMAT = dwarf;
				ENABLE_STRICT_OBJC_MSGSEND = YES;
				ENABLE_TESTABILITY = YES;
				GCC_C_LANGUAGE_STANDARD = gnu99;
				GCC_DYNAMIC_NO_PIC = NO;
				GCC_NO_COMMON_BLOCKS = YES;
				GCC_OPTIMIZATION_LEVEL = 0;
				GCC_PREPROCESSOR_DEFINITIONS = (
					"DEBUG=1",
					"$(inherited)",
				);
				GCC_WARN_64_TO_32_BIT_CONVERSION = YES;
				GCC_WARN_ABOUT_RETURN_TYPE = YES_ERROR;
				GCC_WARN_UNDECLARED_SELECTOR = YES;
				GCC_WARN_UNINITIALIZED_AUTOS = YES_AGGRESSIVE;
				GCC_WARN_UNUSED_FUNCTION = YES;
				GCC_WARN_UNUSED_VARIABLE = YES;
				IPHONEOS_DEPLOYMENT_TARGET = 9.3;
				MTL_ENABLE_DEBUG_INFO = YES;
				ONLY_ACTIVE_ARCH = YES;
				SDKROOT = iphoneos;
				SWIFT_OPTIMIZATION_LEVEL = "-Onone";
			};
			name = Debug;
		};
		CDE9B02F1D6F3EB500479141 /* Release */ = {
			isa = XCBuildConfiguration;
			buildSettings = {
				ALWAYS_SEARCH_USER_PATHS = NO;
				CLANG_ANALYZER_NONNULL = YES;
				CLANG_CXX_LANGUAGE_STANDARD = "gnu++0x";
				CLANG_CXX_LIBRARY = "libc++";
				CLANG_ENABLE_MODULES = YES;
				CLANG_ENABLE_OBJC_ARC = YES;
				CLANG_WARN_BOOL_CONVERSION = YES;
				CLANG_WARN_CONSTANT_CONVERSION = YES;
				CLANG_WARN_DIRECT_OBJC_ISA_USAGE = YES_ERROR;
				CLANG_WARN_EMPTY_BODY = YES;
				CLANG_WARN_ENUM_CONVERSION = YES;
				CLANG_WARN_INT_CONVERSION = YES;
				CLANG_WARN_OBJC_ROOT_CLASS = YES_ERROR;
				CLANG_WARN_UNREACHABLE_CODE = YES;
				CLANG_WARN__DUPLICATE_METHOD_MATCH = YES;
				"CODE_SIGN_IDENTITY[sdk=iphoneos*]" = "iPhone Developer";
				COPY_PHASE_STRIP = NO;
				DEBUG_INFORMATION_FORMAT = "dwarf-with-dsym";
				ENABLE_NS_ASSERTIONS = NO;
				ENABLE_STRICT_OBJC_MSGSEND = YES;
				GCC_C_LANGUAGE_STANDARD = gnu99;
				GCC_NO_COMMON_BLOCKS = YES;
				GCC_WARN_64_TO_32_BIT_CONVERSION = YES;
				GCC_WARN_ABOUT_RETURN_TYPE = YES_ERROR;
				GCC_WARN_UNDECLARED_SELECTOR = YES;
				GCC_WARN_UNINITIALIZED_AUTOS = YES_AGGRESSIVE;
				GCC_WARN_UNUSED_FUNCTION = YES;
				GCC_WARN_UNUSED_VARIABLE = YES;
				IPHONEOS_DEPLOYMENT_TARGET = 9.3;
				MTL_ENABLE_DEBUG_INFO = NO;
				SDKROOT = iphoneos;
				VALIDATE_PRODUCT = YES;
			};
			name = Release;
		};
		CDE9B0311D6F3EB500479141 /* Debug */ = {
			isa = XCBuildConfiguration;
			buildSettings = {
				ASSETCATALOG_COMPILER_APPICON_NAME = AppIcon;
				INFOPLIST_FILE = SlideshowApp/Info.plist;
				LD_RUNPATH_SEARCH_PATHS = "$(inherited) @executable_path/Frameworks";
				PRODUCT_BUNDLE_IDENTIFIER = jp.techacademy.takayoshi.yokoyama.SlideshowApp;
				PRODUCT_NAME = "$(TARGET_NAME)";
			};
			name = Debug;
		};
		CDE9B0321D6F3EB500479141 /* Release */ = {
			isa = XCBuildConfiguration;
			buildSettings = {
				ASSETCATALOG_COMPILER_APPICON_NAME = AppIcon;
				INFOPLIST_FILE = SlideshowApp/Info.plist;
				LD_RUNPATH_SEARCH_PATHS = "$(inherited) @executable_path/Frameworks";
				PRODUCT_BUNDLE_IDENTIFIER = jp.techacademy.takayoshi.yokoyama.SlideshowApp;
				PRODUCT_NAME = "$(TARGET_NAME)";
			};
			name = Release;
		};
/* End XCBuildConfiguration section */

/* Begin XCConfigurationList section */
		CDE9B0191D6F3EB500479141 /* Build configuration list for PBXProject "SlideshowApp" */ = {
			isa = XCConfigurationList;
			buildConfigurations = (
				CDE9B02E1D6F3EB500479141 /* Debug */,
				CDE9B02F1D6F3EB500479141 /* Release */,
			);
			defaultConfigurationIsVisible = 0;
			defaultConfigurationName = Release;
		};
		CDE9B0301D6F3EB500479141 /* Build configuration list for PBXNativeTarget "SlideshowApp" */ = {
			isa = XCConfigurationList;
			buildConfigurations = (
				CDE9B0311D6F3EB500479141 /* Debug */,
				CDE9B0321D6F3EB500479141 /* Release */,
			);
			defaultConfigurationIsVisible = 0;
			defaultConfigurationName = Release;
		};
/* End XCConfigurationList section */
	};
	rootObject = CDE9B0161D6F3EB500479141 /* Project object */;
}
